
Microsoft Visual Studio Solution File, Format Version 12.00
# Visual Studio Version 17
VisualStudioVersion = 17.4.33110.190
MinimumVisualStudioVersion = 10.0.40219.1
Project("{FAE04EC0-301F-11D3-BF4B-00C04F79EFBC}") = "F5-StegSharp.Data", "F5-StegSharp.Data\F5-StegSharp.Data.csproj", "{8A11EFAC-F13E-467C-AD95-DD7985E13365}"
EndProject
Global
	GlobalSection(SolutionConfigurationPlatforms) = preSolution
		Debug|Any CPU = Debug|Any CPU
		Release|Any CPU = Release|Any CPU
	EndGlobalSection
	GlobalSection(ProjectConfigurationPlatforms) = postSolution
		{8A11EFAC-F13E-467C-AD95-DD7985E13365}.Debug|Any CPU.ActiveCfg = Debug|Any CPU
		{8A11EFAC-F13E-467C-AD95-DD7985E13365}.Debug|Any CPU.Build.0 = Debug|Any CPU
		{8A11EFAC-F13E-467C-AD95-DD7985E13365}.Release|Any CPU.ActiveCfg = Release|Any CPU
		{8A11EFAC-F13E-467C-AD95-DD7985E13365}.Release|Any CPU.Build.0 = Release|Any CPU
	EndGlobalSection
	GlobalSection(SolutionProperties) = preSolution
		HideSolutionNode = FALSE
	EndGlobalSection
	GlobalSection(ExtensibilityGlobals) = postSolution
		SolutionGuid = {1C2F3070-0DBB-43F8-9B08-47F319995F41}
	EndGlobalSection
EndGlobal
